// !$*UTF8*$!
{
	archiveVersion = 1;
	classes = {
	};
	objectVersion = 56;
	objects = {

/* Begin PBXBuildFile section */
		61AF906D2ACC4CBB009563E3 /* AppDelegate.swift in Sources */ = {isa = PBXBuildFile; fileRef = 61AF906C2ACC4CBB009563E3 /* AppDelegate.swift */; };
		61AF906F2ACC4CBB009563E3 /* SceneDelegate.swift in Sources */ = {isa = PBXBuildFile; fileRef = 61AF906E2ACC4CBB009563E3 /* SceneDelegate.swift */; };
		61AF90762ACC4CBC009563E3 /* Assets.xcassets in Resources */ = {isa = PBXBuildFile; fileRef = 61AF90752ACC4CBC009563E3 /* Assets.xcassets */; };
		61AF90792ACC4CBC009563E3 /* LaunchScreen.storyboard in Resources */ = {isa = PBXBuildFile; fileRef = 61AF90772ACC4CBC009563E3 /* LaunchScreen.storyboard */; };
		61AF90842ACC4D9C009563E3 /* SelectMenuViewController.swift in Sources */ = {isa = PBXBuildFile; fileRef = 61AF90832ACC4D9C009563E3 /* SelectMenuViewController.swift */; };
		61AF90862ACC4EB2009563E3 /* Extensions.swift in Sources */ = {isa = PBXBuildFile; fileRef = 61AF90852ACC4EB2009563E3 /* Extensions.swift */; };
		61AF90882ACC4EC8009563E3 /* ColorExtensions.swift in Sources */ = {isa = PBXBuildFile; fileRef = 61AF90872ACC4EC8009563E3 /* ColorExtensions.swift */; };
		61AF908A2ACC4EDB009563E3 /* UINavigationItemExtensions.swift in Sources */ = {isa = PBXBuildFile; fileRef = 61AF90892ACC4EDB009563E3 /* UINavigationItemExtensions.swift */; };
		61AF908C2ACC4FDD009563E3 /* CartViewController.swift in Sources */ = {isa = PBXBuildFile; fileRef = 61AF908B2ACC4FDD009563E3 /* CartViewController.swift */; };
		61AF90E92AD3E21F009563E3 /* UnderlineSegmentedControl.swift in Sources */ = {isa = PBXBuildFile; fileRef = 61AF90E82AD3E21F009563E3 /* UnderlineSegmentedControl.swift */; };
		61AF90F12AD3F0D5009563E3 /* SelectionCell.swift in Sources */ = {isa = PBXBuildFile; fileRef = 61AF90EF2AD3F0D5009563E3 /* SelectionCell.swift */; };
		61AF90F22AD3F0D5009563E3 /* SelectionCell.xib in Resources */ = {isa = PBXBuildFile; fileRef = 61AF90F02AD3F0D5009563E3 /* SelectionCell.xib */; };
		61AF90F42AD3F38E009563E3 /* Selection.swift in Sources */ = {isa = PBXBuildFile; fileRef = 61AF90F32AD3F38E009563E3 /* Selection.swift */; };
		61AF90F72AD3F6F3009563E3 /* SelectionItemCell.swift in Sources */ = {isa = PBXBuildFile; fileRef = 61AF90F52AD3F6F3009563E3 /* SelectionItemCell.swift */; };
		61AF90F82AD3F6F3009563E3 /* SelectionItemCell.xib in Resources */ = {isa = PBXBuildFile; fileRef = 61AF90F62AD3F6F3009563E3 /* SelectionItemCell.xib */; };
		61AF90FA2AD3FF9B009563E3 /* SelectionItem.swift in Sources */ = {isa = PBXBuildFile; fileRef = 61AF90F92AD3FF9B009563E3 /* SelectionItem.swift */; };
/* End PBXBuildFile section */

/* Begin PBXFileReference section */
		61AF90692ACC4CBB009563E3 /* AddToCart.app */ = {isa = PBXFileReference; explicitFileType = wrapper.application; includeInIndex = 0; path = AddToCart.app; sourceTree = BUILT_PRODUCTS_DIR; };
		61AF906C2ACC4CBB009563E3 /* AppDelegate.swift */ = {isa = PBXFileReference; lastKnownFileType = sourcecode.swift; path = AppDelegate.swift; sourceTree = "<group>"; };
		61AF906E2ACC4CBB009563E3 /* SceneDelegate.swift */ = {isa = PBXFileReference; lastKnownFileType = sourcecode.swift; path = SceneDelegate.swift; sourceTree = "<group>"; };
		61AF90752ACC4CBC009563E3 /* Assets.xcassets */ = {isa = PBXFileReference; lastKnownFileType = folder.assetcatalog; path = Assets.xcassets; sourceTree = "<group>"; };
		61AF90782ACC4CBC009563E3 /* Base */ = {isa = PBXFileReference; lastKnownFileType = file.storyboard; name = Base; path = Base.lproj/LaunchScreen.storyboard; sourceTree = "<group>"; };
		61AF907A2ACC4CBC009563E3 /* Info.plist */ = {isa = PBXFileReference; lastKnownFileType = text.plist.xml; path = Info.plist; sourceTree = "<group>"; };
		61AF90832ACC4D9C009563E3 /* SelectMenuViewController.swift */ = {isa = PBXFileReference; lastKnownFileType = sourcecode.swift; path = SelectMenuViewController.swift; sourceTree = "<group>"; };
		61AF90852ACC4EB2009563E3 /* Extensions.swift */ = {isa = PBXFileReference; lastKnownFileType = sourcecode.swift; path = Extensions.swift; sourceTree = "<group>"; };
		61AF90872ACC4EC8009563E3 /* ColorExtensions.swift */ = {isa = PBXFileReference; lastKnownFileType = sourcecode.swift; path = ColorExtensions.swift; sourceTree = "<group>"; };
		61AF90892ACC4EDB009563E3 /* UINavigationItemExtensions.swift */ = {isa = PBXFileReference; lastKnownFileType = sourcecode.swift; path = UINavigationItemExtensions.swift; sourceTree = "<group>"; };
		61AF908B2ACC4FDD009563E3 /* CartViewController.swift */ = {isa = PBXFileReference; lastKnownFileType = sourcecode.swift; path = CartViewController.swift; sourceTree = "<group>"; };
		61AF90E82AD3E21F009563E3 /* UnderlineSegmentedControl.swift */ = {isa = PBXFileReference; lastKnownFileType = sourcecode.swift; path = UnderlineSegmentedControl.swift; sourceTree = "<group>"; };
		61AF90EF2AD3F0D5009563E3 /* SelectionCell.swift */ = {isa = PBXFileReference; lastKnownFileType = sourcecode.swift; path = SelectionCell.swift; sourceTree = "<group>"; };
		61AF90F02AD3F0D5009563E3 /* SelectionCell.xib */ = {isa = PBXFileReference; lastKnownFileType = file.xib; path = SelectionCell.xib; sourceTree = "<group>"; };
		61AF90F32AD3F38E009563E3 /* Selection.swift */ = {isa = PBXFileReference; lastKnownFileType = sourcecode.swift; path = Selection.swift; sourceTree = "<group>"; };
		61AF90F52AD3F6F3009563E3 /* SelectionItemCell.swift */ = {isa = PBXFileReference; lastKnownFileType = sourcecode.swift; path = SelectionItemCell.swift; sourceTree = "<group>"; };
		61AF90F62AD3F6F3009563E3 /* SelectionItemCell.xib */ = {isa = PBXFileReference; lastKnownFileType = file.xib; path = SelectionItemCell.xib; sourceTree = "<group>"; };
		61AF90F92AD3FF9B009563E3 /* SelectionItem.swift */ = {isa = PBXFileReference; lastKnownFileType = sourcecode.swift; path = SelectionItem.swift; sourceTree = "<group>"; };
/* End PBXFileReference section */

/* Begin PBXFrameworksBuildPhase section */
		61AF90662ACC4CBB009563E3 /* Frameworks */ = {
			isa = PBXFrameworksBuildPhase;
			buildActionMask = 2147483647;
			files = (
			);
			runOnlyForDeploymentPostprocessing = 0;
		};
/* End PBXFrameworksBuildPhase section */

/* Begin PBXGroup section */
		61AF90602ACC4CBB009563E3 = {
			isa = PBXGroup;
			children = (
				61AF906B2ACC4CBB009563E3 /* AddToCart */,
				61AF906A2ACC4CBB009563E3 /* Products */,
			);
			sourceTree = "<group>";
		};
		61AF906A2ACC4CBB009563E3 /* Products */ = {
			isa = PBXGroup;
			children = (
				61AF90692ACC4CBB009563E3 /* AddToCart.app */,
			);
			name = Products;
			sourceTree = "<group>";
		};
		61AF906B2ACC4CBB009563E3 /* AddToCart */ = {
			isa = PBXGroup;
			children = (
				61AF907A2ACC4CBC009563E3 /* Info.plist */,
				61AF90822ACC4D59009563E3 /* Resources */,
				61AF90812ACC4D4B009563E3 /* Extensions */,
				61AF90EE2AD3EB11009563E3 /* Model */,
				61AF90802ACC4D43009563E3 /* Controllers */,
			);
			path = AddToCart;
			sourceTree = "<group>";
		};
		61AF90802ACC4D43009563E3 /* Controllers */ = {
			isa = PBXGroup;
			children = (
				61AF90EA2AD3EAE4009563E3 /* SelectMenu */,
				61AF90EB2AD3EAEF009563E3 /* Cart */,
			);
			path = Controllers;
			sourceTree = "<group>";
		};
		61AF90812ACC4D4B009563E3 /* Extensions */ = {
			isa = PBXGroup;
			children = (
				61AF90852ACC4EB2009563E3 /* Extensions.swift */,
				61AF90872ACC4EC8009563E3 /* ColorExtensions.swift */,
				61AF90892ACC4EDB009563E3 /* UINavigationItemExtensions.swift */,
				61AF90E82AD3E21F009563E3 /* UnderlineSegmentedControl.swift */,
			);
			path = Extensions;
			sourceTree = "<group>";
		};
		61AF90822ACC4D59009563E3 /* Resources */ = {
			isa = PBXGroup;
			children = (
				61AF90772ACC4CBC009563E3 /* LaunchScreen.storyboard */,
				61AF90752ACC4CBC009563E3 /* Assets.xcassets */,
				61AF906E2ACC4CBB009563E3 /* SceneDelegate.swift */,
				61AF906C2ACC4CBB009563E3 /* AppDelegate.swift */,
			);
			path = Resources;
			sourceTree = "<group>";
		};
		61AF90EA2AD3EAE4009563E3 /* SelectMenu */ = {
			isa = PBXGroup;
			children = (
				61AF90EC2AD3EAFF009563E3 /* Cell */,
				61AF90832ACC4D9C009563E3 /* SelectMenuViewController.swift */,
			);
			path = SelectMenu;
			sourceTree = "<group>";
		};
		61AF90EB2AD3EAEF009563E3 /* Cart */ = {
			isa = PBXGroup;
			children = (
				61AF90ED2AD3EB08009563E3 /* Cell */,
				61AF908B2ACC4FDD009563E3 /* CartViewController.swift */,
			);
			path = Cart;
			sourceTree = "<group>";
		};
		61AF90EC2AD3EAFF009563E3 /* Cell */ = {
			isa = PBXGroup;
			children = (
				61AF90EF2AD3F0D5009563E3 /* SelectionCell.swift */,
				61AF90F02AD3F0D5009563E3 /* SelectionCell.xib */,
				61AF90F52AD3F6F3009563E3 /* SelectionItemCell.swift */,
				61AF90F62AD3F6F3009563E3 /* SelectionItemCell.xib */,
			);
			path = Cell;
			sourceTree = "<group>";
		};
		61AF90ED2AD3EB08009563E3 /* Cell */ = {
			isa = PBXGroup;
			children = (
			);
			path = Cell;
			sourceTree = "<group>";
		};
		61AF90EE2AD3EB11009563E3 /* Model */ = {
			isa = PBXGroup;
			children = (
				61AF90F32AD3F38E009563E3 /* Selection.swift */,
				61AF90F92AD3FF9B009563E3 /* SelectionItem.swift */,
			);
			path = Model;
			sourceTree = "<group>";
		};
/* End PBXGroup section */

/* Begin PBXNativeTarget section */
		61AF90682ACC4CBB009563E3 /* AddToCart */ = {
			isa = PBXNativeTarget;
			buildConfigurationList = 61AF907D2ACC4CBC009563E3 /* Build configuration list for PBXNativeTarget "AddToCart" */;
			buildPhases = (
				61AF90652ACC4CBB009563E3 /* Sources */,
				61AF90662ACC4CBB009563E3 /* Frameworks */,
				61AF90672ACC4CBB009563E3 /* Resources */,
			);
			buildRules = (
			);
			dependencies = (
			);
			name = AddToCart;
			productName = AddToCart;
			productReference = 61AF90692ACC4CBB009563E3 /* AddToCart.app */;
			productType = "com.apple.product-type.application";
		};
/* End PBXNativeTarget section */

/* Begin PBXProject section */
		61AF90612ACC4CBB009563E3 /* Project object */ = {
			isa = PBXProject;
			attributes = {
				BuildIndependentTargetsInParallel = 1;
				LastSwiftUpdateCheck = 1420;
				LastUpgradeCheck = 1420;
				TargetAttributes = {
					61AF90682ACC4CBB009563E3 = {
						CreatedOnToolsVersion = 14.2;
					};
				};
			};
			buildConfigurationList = 61AF90642ACC4CBB009563E3 /* Build configuration list for PBXProject "AddToCart" */;
			compatibilityVersion = "Xcode 14.0";
			developmentRegion = en;
			hasScannedForEncodings = 0;
			knownRegions = (
				en,
				Base,
			);
			mainGroup = 61AF90602ACC4CBB009563E3;
			productRefGroup = 61AF906A2ACC4CBB009563E3 /* Products */;
			projectDirPath = "";
			projectRoot = "";
			targets = (
				61AF90682ACC4CBB009563E3 /* AddToCart */,
			);
		};
/* End PBXProject section */

/* Begin PBXResourcesBuildPhase section */
		61AF90672ACC4CBB009563E3 /* Resources */ = {
			isa = PBXResourcesBuildPhase;
			buildActionMask = 2147483647;
			files = (
				61AF90792ACC4CBC009563E3 /* LaunchScreen.storyboard in Resources */,
				61AF90F22AD3F0D5009563E3 /* SelectionCell.xib in Resources */,
				61AF90762ACC4CBC009563E3 /* Assets.xcassets in Resources */,
				61AF90F82AD3F6F3009563E3 /* SelectionItemCell.xib in Resources */,
			);
			runOnlyForDeploymentPostprocessing = 0;
		};
/* End PBXResourcesBuildPhase section */

/* Begin PBXSourcesBuildPhase section */
		61AF90652ACC4CBB009563E3 /* Sources */ = {
			isa = PBXSourcesBuildPhase;
			buildActionMask = 2147483647;
			files = (
				61AF90F72AD3F6F3009563E3 /* SelectionItemCell.swift in Sources */,
				61AF908A2ACC4EDB009563E3 /* UINavigationItemExtensions.swift in Sources */,
				61AF906D2ACC4CBB009563E3 /* AppDelegate.swift in Sources */,
				61AF90FA2AD3FF9B009563E3 /* SelectionItem.swift in Sources */,
				61AF90F12AD3F0D5009563E3 /* SelectionCell.swift in Sources */,
				61AF908C2ACC4FDD009563E3 /* CartViewController.swift in Sources */,
				61AF90882ACC4EC8009563E3 /* ColorExtensions.swift in Sources */,
				61AF906F2ACC4CBB009563E3 /* SceneDelegate.swift in Sources */,
				61AF90F42AD3F38E009563E3 /* Selection.swift in Sources */,
				61AF90E92AD3E21F009563E3 /* UnderlineSegmentedControl.swift in Sources */,
				61AF90842ACC4D9C009563E3 /* SelectMenuViewController.swift in Sources */,
				61AF90862ACC4EB2009563E3 /* Extensions.swift in Sources */,
			);
			runOnlyForDeploymentPostprocessing = 0;
		};
/* End PBXSourcesBuildPhase section */

/* Begin PBXVariantGroup section */
		61AF90772ACC4CBC009563E3 /* LaunchScreen.storyboard */ = {
			isa = PBXVariantGroup;
			children = (
				61AF90782ACC4CBC009563E3 /* Base */,
			);
			name = LaunchScreen.storyboard;
			sourceTree = "<group>";
		};
/* End PBXVariantGroup section */

/* Begin XCBuildConfiguration section */
		61AF907B2ACC4CBC009563E3 /* Debug */ = {
			isa = XCBuildConfiguration;
			buildSettings = {
				ALWAYS_SEARCH_USER_PATHS = NO;
				CLANG_ANALYZER_NONNULL = YES;
				CLANG_ANALYZER_NUMBER_OBJECT_CONVERSION = YES_AGGRESSIVE;
				CLANG_CXX_LANGUAGE_STANDARD = "gnu++20";
				CLANG_ENABLE_MODULES = YES;
				CLANG_ENABLE_OBJC_ARC = YES;
				CLANG_ENABLE_OBJC_WEAK = YES;
				CLANG_WARN_BLOCK_CAPTURE_AUTORELEASING = YES;
				CLANG_WARN_BOOL_CONVERSION = YES;
				CLANG_WARN_COMMA = YES;
				CLANG_WARN_CONSTANT_CONVERSION = YES;
				CLANG_WARN_DEPRECATED_OBJC_IMPLEMENTATIONS = YES;
				CLANG_WARN_DIRECT_OBJC_ISA_USAGE = YES_ERROR;
				CLANG_WARN_DOCUMENTATION_COMMENTS = YES;
				CLANG_WARN_EMPTY_BODY = YES;
				CLANG_WARN_ENUM_CONVERSION = YES;
				CLANG_WARN_INFINITE_RECURSION = YES;
				CLANG_WARN_INT_CONVERSION = YES;
				CLANG_WARN_NON_LITERAL_NULL_CONVERSION = YES;
				CLANG_WARN_OBJC_IMPLICIT_RETAIN_SELF = YES;
				CLANG_WARN_OBJC_LITERAL_CONVERSION = YES;
				CLANG_WARN_OBJC_ROOT_CLASS = YES_ERROR;
				CLANG_WARN_QUOTED_INCLUDE_IN_FRAMEWORK_HEADER = YES;
				CLANG_WARN_RANGE_LOOP_ANALYSIS = YES;
				CLANG_WARN_STRICT_PROTOTYPES = YES;
				CLANG_WARN_SUSPICIOUS_MOVE = YES;
				CLANG_WARN_UNGUARDED_AVAILABILITY = YES_AGGRESSIVE;
				CLANG_WARN_UNREACHABLE_CODE = YES;
				CLANG_WARN__DUPLICATE_METHOD_MATCH = YES;
				COPY_PHASE_STRIP = NO;
				DEBUG_INFORMATION_FORMAT = dwarf;
				ENABLE_STRICT_OBJC_MSGSEND = YES;
				ENABLE_TESTABILITY = YES;
				GCC_C_LANGUAGE_STANDARD = gnu11;
				GCC_DYNAMIC_NO_PIC = NO;
				GCC_NO_COMMON_BLOCKS = YES;
				GCC_OPTIMIZATION_LEVEL = 0;
				GCC_PREPROCESSOR_DEFINITIONS = (
					"DEBUG=1",
					"$(inherited)",
				);
				GCC_WARN_64_TO_32_BIT_CONVERSION = YES;
				GCC_WARN_ABOUT_RETURN_TYPE = YES_ERROR;
				GCC_WARN_UNDECLARED_SELECTOR = YES;
				GCC_WARN_UNINITIALIZED_AUTOS = YES_AGGRESSIVE;
				GCC_WARN_UNUSED_FUNCTION = YES;
				GCC_WARN_UNUSED_VARIABLE = YES;
				IPHONEOS_DEPLOYMENT_TARGET = 16.2;
				MTL_ENABLE_DEBUG_INFO = INCLUDE_SOURCE;
				MTL_FAST_MATH = YES;
				ONLY_ACTIVE_ARCH = YES;
				SDKROOT = iphoneos;
				SWIFT_ACTIVE_COMPILATION_CONDITIONS = DEBUG;
				SWIFT_OPTIMIZATION_LEVEL = "-Onone";
			};
			name = Debug;
		};
		61AF907C2ACC4CBC009563E3 /* Release */ = {
			isa = XCBuildConfiguration;
			buildSettings = {
				ALWAYS_SEARCH_USER_PATHS = NO;
				CLANG_ANALYZER_NONNULL = YES;
				CLANG_ANALYZER_NUMBER_OBJECT_CONVERSION = YES_AGGRESSIVE;
				CLANG_CXX_LANGUAGE_STANDARD = "gnu++20";
				CLANG_ENABLE_MODULES = YES;
				CLANG_ENABLE_OBJC_ARC = YES;
				CLANG_ENABLE_OBJC_WEAK = YES;
				CLANG_WARN_BLOCK_CAPTURE_AUTORELEASING = YES;
				CLANG_WARN_BOOL_CONVERSION = YES;
				CLANG_WARN_COMMA = YES;
				CLANG_WARN_CONSTANT_CONVERSION = YES;
				CLANG_WARN_DEPRECATED_OBJC_IMPLEMENTATIONS = YES;
				CLANG_WARN_DIRECT_OBJC_ISA_USAGE = YES_ERROR;
				CLANG_WARN_DOCUMENTATION_COMMENTS = YES;
				CLANG_WARN_EMPTY_BODY = YES;
				CLANG_WARN_ENUM_CONVERSION = YES;
				CLANG_WARN_INFINITE_RECURSION = YES;
				CLANG_WARN_INT_CONVERSION = YES;
				CLANG_WARN_NON_LITERAL_NULL_CONVERSION = YES;
				CLANG_WARN_OBJC_IMPLICIT_RETAIN_SELF = YES;
				CLANG_WARN_OBJC_LITERAL_CONVERSION = YES;
				CLANG_WARN_OBJC_ROOT_CLASS = YES_ERROR;
				CLANG_WARN_QUOTED_INCLUDE_IN_FRAMEWORK_HEADER = YES;
				CLANG_WARN_RANGE_LOOP_ANALYSIS = YES;
				CLANG_WARN_STRICT_PROTOTYPES = YES;
				CLANG_WARN_SUSPICIOUS_MOVE = YES;
				CLANG_WARN_UNGUARDED_AVAILABILITY = YES_AGGRESSIVE;
				CLANG_WARN_UNREACHABLE_CODE = YES;
				CLANG_WARN__DUPLICATE_METHOD_MATCH = YES;
				COPY_PHASE_STRIP = NO;
				DEBUG_INFORMATION_FORMAT = "dwarf-with-dsym";
				ENABLE_NS_ASSERTIONS = NO;
				ENABLE_STRICT_OBJC_MSGSEND = YES;
				GCC_C_LANGUAGE_STANDARD = gnu11;
				GCC_NO_COMMON_BLOCKS = YES;
				GCC_WARN_64_TO_32_BIT_CONVERSION = YES;
				GCC_WARN_ABOUT_RETURN_TYPE = YES_ERROR;
				GCC_WARN_UNDECLARED_SELECTOR = YES;
				GCC_WARN_UNINITIALIZED_AUTOS = YES_AGGRESSIVE;
				GCC_WARN_UNUSED_FUNCTION = YES;
				GCC_WARN_UNUSED_VARIABLE = YES;
				IPHONEOS_DEPLOYMENT_TARGET = 16.2;
				MTL_ENABLE_DEBUG_INFO = NO;
				MTL_FAST_MATH = YES;
				SDKROOT = iphoneos;
				SWIFT_COMPILATION_MODE = wholemodule;
				SWIFT_OPTIMIZATION_LEVEL = "-O";
				VALIDATE_PRODUCT = YES;
			};
			name = Release;
		};
		61AF907E2ACC4CBC009563E3 /* Debug */ = {
			isa = XCBuildConfiguration;
			buildSettings = {
				ASSETCATALOG_COMPILER_APPICON_NAME = AppIcon;
				ASSETCATALOG_COMPILER_GLOBAL_ACCENT_COLOR_NAME = AccentColor;
				CODE_SIGN_STYLE = Automatic;
				CURRENT_PROJECT_VERSION = 1;
				DEVELOPMENT_TEAM = T2Q8P9627P;
				GENERATE_INFOPLIST_FILE = YES;
				INFOPLIST_FILE = AddToCart/Info.plist;
				INFOPLIST_KEY_UIApplicationSupportsIndirectInputEvents = YES;
				INFOPLIST_KEY_UILaunchStoryboardName = LaunchScreen;
				INFOPLIST_KEY_UISupportedInterfaceOrientations_iPad = "UIInterfaceOrientationPortrait UIInterfaceOrientationPortraitUpsideDown UIInterfaceOrientationLandscapeLeft UIInterfaceOrientationLandscapeRight";
				INFOPLIST_KEY_UISupportedInterfaceOrientations_iPhone = "UIInterfaceOrientationPortrait UIInterfaceOrientationLandscapeLeft UIInterfaceOrientationLandscapeRight";
				LD_RUNPATH_SEARCH_PATHS = (
					"$(inherited)",
					"@executable_path/Frameworks",
				);
				MARKETING_VERSION = 1.0;
				PRODUCT_BUNDLE_IDENTIFIER = com.conyang.AddToCart;
				PRODUCT_NAME = "$(TARGET_NAME)";
				SWIFT_EMIT_LOC_STRINGS = YES;
				SWIFT_VERSION = 5.0;
				TARGETED_DEVICE_FAMILY = "1,2";
			};
			name = Debug;
		};
		61AF907F2ACC4CBC009563E3 /* Release */ = {
			isa = XCBuildConfiguration;
			buildSettings = {
				ASSETCATALOG_COMPILER_APPICON_NAME = AppIcon;
				ASSETCATALOG_COMPILER_GLOBAL_ACCENT_COLOR_NAME = AccentColor;
				CODE_SIGN_STYLE = Automatic;
				CURRENT_PROJECT_VERSION = 1;
				DEVELOPMENT_TEAM = T2Q8P9627P;
				GENERATE_INFOPLIST_FILE = YES;
				INFOPLIST_FILE = AddToCart/Info.plist;
				INFOPLIST_KEY_UIApplicationSupportsIndirectInputEvents = YES;
				INFOPLIST_KEY_UILaunchStoryboardName = LaunchScreen;
				INFOPLIST_KEY_UISupportedInterfaceOrientations_iPad = "UIInterfaceOrientationPortrait UIInterfaceOrientationPortraitUpsideDown UIInterfaceOrientationLandscapeLeft UIInterfaceOrientationLandscapeRight";
				INFOPLIST_KEY_UISupportedInterfaceOrientations_iPhone = "UIInterfaceOrientationPortrait UIInterfaceOrientationLandscapeLeft UIInterfaceOrientationLandscapeRight";
				LD_RUNPATH_SEARCH_PATHS = (
					"$(inherited)",
					"@executable_path/Frameworks",
				);
				MARKETING_VERSION = 1.0;
				PRODUCT_BUNDLE_IDENTIFIER = com.conyang.AddToCart;
				PRODUCT_NAME = "$(TARGET_NAME)";
				SWIFT_EMIT_LOC_STRINGS = YES;
				SWIFT_VERSION = 5.0;
				TARGETED_DEVICE_FAMILY = "1,2";
			};
			name = Release;
		};
/* End XCBuildConfiguration section */

/* Begin XCConfigurationList section */
		61AF90642ACC4CBB009563E3 /* Build configuration list for PBXProject "AddToCart" */ = {
			isa = XCConfigurationList;
			buildConfigurations = (
				61AF907B2ACC4CBC009563E3 /* Debug */,
				61AF907C2ACC4CBC009563E3 /* Release */,
			);
			defaultConfigurationIsVisible = 0;
			defaultConfigurationName = Release;
		};
		61AF907D2ACC4CBC009563E3 /* Build configuration list for PBXNativeTarget "AddToCart" */ = {
			isa = XCConfigurationList;
			buildConfigurations = (
				61AF907E2ACC4CBC009563E3 /* Debug */,
				61AF907F2ACC4CBC009563E3 /* Release */,
			);
			defaultConfigurationIsVisible = 0;
			defaultConfigurationName = Release;
		};
/* End XCConfigurationList section */
	};
	rootObject = 61AF90612ACC4CBB009563E3 /* Project object */;
}
