// !$*UTF8*$!
{
	archiveVersion = 1;
	classes = {
	};
	objectVersion = 56;
	objects = {

/* Begin PBXBuildFile section */
		617C54C82AF8FC3600A00BB8 /* TheDeliveryPeopleApp.swift in Sources */ = {isa = PBXBuildFile; fileRef = 617C54C72AF8FC3600A00BB8 /* TheDeliveryPeopleApp.swift */; };
		617C54CA2AF8FC3600A00BB8 /* ContentView.swift in Sources */ = {isa = PBXBuildFile; fileRef = 617C54C92AF8FC3600A00BB8 /* ContentView.swift */; };
		617C54CC2AF8FC3700A00BB8 /* Assets.xcassets in Resources */ = {isa = PBXBuildFile; fileRef = 617C54CB2AF8FC3700A00BB8 /* Assets.xcassets */; };
		617C54CF2AF8FC3700A00BB8 /* Preview Assets.xcassets in Resources */ = {isa = PBXBuildFile; fileRef = 617C54CE2AF8FC3700A00BB8 /* Preview Assets.xcassets */; };
		617C54D62AF9081A00A00BB8 /* HomeView.swift in Sources */ = {isa = PBXBuildFile; fileRef = 617C54D52AF9081A00A00BB8 /* HomeView.swift */; };
		618D4BB12AF9BD0400E9AFAD /* BMHANNAAir_ttf.ttf in Resources */ = {isa = PBXBuildFile; fileRef = 618D4BAF2AF9BD0400E9AFAD /* BMHANNAAir_ttf.ttf */; };
		618D4BB22AF9BD0400E9AFAD /* BMHANNAPro.ttf in Resources */ = {isa = PBXBuildFile; fileRef = 618D4BB02AF9BD0400E9AFAD /* BMHANNAPro.ttf */; };
		618D4BB52AF9BD4100E9AFAD /* Color+Extensions.swift in Sources */ = {isa = PBXBuildFile; fileRef = 618D4BB42AF9BD4100E9AFAD /* Color+Extensions.swift */; };
		618D4BB72AF9C96C00E9AFAD /* View+Extensions.swift in Sources */ = {isa = PBXBuildFile; fileRef = 618D4BB62AF9C96C00E9AFAD /* View+Extensions.swift */; };
		618D4BBA2AF9CB4D00E9AFAD /* Menu.swift in Sources */ = {isa = PBXBuildFile; fileRef = 618D4BB92AF9CB4D00E9AFAD /* Menu.swift */; };
		618D4BBC2AF9CC1200E9AFAD /* HomeViewModel.swift in Sources */ = {isa = PBXBuildFile; fileRef = 618D4BBB2AF9CC1200E9AFAD /* HomeViewModel.swift */; };
		618D4BBF2AF9D0FA00E9AFAD /* Font+Extensions.swift in Sources */ = {isa = PBXBuildFile; fileRef = 618D4BBE2AF9D0FA00E9AFAD /* Font+Extensions.swift */; };
		618D4BC12AF9DB7F00E9AFAD /* FoodMenu.swift in Sources */ = {isa = PBXBuildFile; fileRef = 618D4BC02AF9DB7F00E9AFAD /* FoodMenu.swift */; };
		618D4BC32AF9FBC100E9AFAD /* TabItem.swift in Sources */ = {isa = PBXBuildFile; fileRef = 618D4BC22AF9FBC100E9AFAD /* TabItem.swift */; };
/* End PBXBuildFile section */

/* Begin PBXFileReference section */
		617C54C42AF8FC3600A00BB8 /* TheDeliveryPeople.app */ = {isa = PBXFileReference; explicitFileType = wrapper.application; includeInIndex = 0; path = TheDeliveryPeople.app; sourceTree = BUILT_PRODUCTS_DIR; };
		617C54C72AF8FC3600A00BB8 /* TheDeliveryPeopleApp.swift */ = {isa = PBXFileReference; lastKnownFileType = sourcecode.swift; path = TheDeliveryPeopleApp.swift; sourceTree = "<group>"; };
		617C54C92AF8FC3600A00BB8 /* ContentView.swift */ = {isa = PBXFileReference; lastKnownFileType = sourcecode.swift; path = ContentView.swift; sourceTree = "<group>"; };
		617C54CB2AF8FC3700A00BB8 /* Assets.xcassets */ = {isa = PBXFileReference; lastKnownFileType = folder.assetcatalog; path = Assets.xcassets; sourceTree = "<group>"; };
		617C54CE2AF8FC3700A00BB8 /* Preview Assets.xcassets */ = {isa = PBXFileReference; lastKnownFileType = folder.assetcatalog; path = "Preview Assets.xcassets"; sourceTree = "<group>"; };
		617C54D52AF9081A00A00BB8 /* HomeView.swift */ = {isa = PBXFileReference; lastKnownFileType = sourcecode.swift; path = HomeView.swift; sourceTree = "<group>"; };
		618D4BAF2AF9BD0400E9AFAD /* BMHANNAAir_ttf.ttf */ = {isa = PBXFileReference; lastKnownFileType = file; path = BMHANNAAir_ttf.ttf; sourceTree = "<group>"; };
		618D4BB02AF9BD0400E9AFAD /* BMHANNAPro.ttf */ = {isa = PBXFileReference; lastKnownFileType = file; path = BMHANNAPro.ttf; sourceTree = "<group>"; };
		618D4BB42AF9BD4100E9AFAD /* Color+Extensions.swift */ = {isa = PBXFileReference; lastKnownFileType = sourcecode.swift; path = "Color+Extensions.swift"; sourceTree = "<group>"; };
		618D4BB62AF9C96C00E9AFAD /* View+Extensions.swift */ = {isa = PBXFileReference; lastKnownFileType = sourcecode.swift; path = "View+Extensions.swift"; sourceTree = "<group>"; };
		618D4BB92AF9CB4D00E9AFAD /* Menu.swift */ = {isa = PBXFileReference; lastKnownFileType = sourcecode.swift; path = Menu.swift; sourceTree = "<group>"; };
		618D4BBB2AF9CC1200E9AFAD /* HomeViewModel.swift */ = {isa = PBXFileReference; lastKnownFileType = sourcecode.swift; path = HomeViewModel.swift; sourceTree = "<group>"; };
		618D4BBD2AF9D0A500E9AFAD /* Info.plist */ = {isa = PBXFileReference; lastKnownFileType = text.plist; path = Info.plist; sourceTree = "<group>"; };
		618D4BBE2AF9D0FA00E9AFAD /* Font+Extensions.swift */ = {isa = PBXFileReference; lastKnownFileType = sourcecode.swift; path = "Font+Extensions.swift"; sourceTree = "<group>"; };
		618D4BC02AF9DB7F00E9AFAD /* FoodMenu.swift */ = {isa = PBXFileReference; lastKnownFileType = sourcecode.swift; path = FoodMenu.swift; sourceTree = "<group>"; };
		618D4BC22AF9FBC100E9AFAD /* TabItem.swift */ = {isa = PBXFileReference; lastKnownFileType = sourcecode.swift; path = TabItem.swift; sourceTree = "<group>"; };
/* End PBXFileReference section */

/* Begin PBXFrameworksBuildPhase section */
		617C54C12AF8FC3600A00BB8 /* Frameworks */ = {
			isa = PBXFrameworksBuildPhase;
			buildActionMask = 2147483647;
			files = (
			);
			runOnlyForDeploymentPostprocessing = 0;
		};
/* End PBXFrameworksBuildPhase section */

/* Begin PBXGroup section */
		617C54BB2AF8FC3600A00BB8 = {
			isa = PBXGroup;
			children = (
				617C54C62AF8FC3600A00BB8 /* TheDeliveryPeople */,
				617C54C52AF8FC3600A00BB8 /* Products */,
			);
			sourceTree = "<group>";
		};
		617C54C52AF8FC3600A00BB8 /* Products */ = {
			isa = PBXGroup;
			children = (
				617C54C42AF8FC3600A00BB8 /* TheDeliveryPeople.app */,
			);
			name = Products;
			sourceTree = "<group>";
		};
		617C54C62AF8FC3600A00BB8 /* TheDeliveryPeople */ = {
			isa = PBXGroup;
			children = (
				618D4BBD2AF9D0A500E9AFAD /* Info.plist */,
				618D4BB82AF9CB3700E9AFAD /* Model */,
				618D4BB32AF9BD3000E9AFAD /* Extension */,
				618D4BAF2AF9BD0400E9AFAD /* BMHANNAAir_ttf.ttf */,
				618D4BB02AF9BD0400E9AFAD /* BMHANNAPro.ttf */,
				617C54C72AF8FC3600A00BB8 /* TheDeliveryPeopleApp.swift */,
				617C54C92AF8FC3600A00BB8 /* ContentView.swift */,
				617C54CB2AF8FC3700A00BB8 /* Assets.xcassets */,
				617C54CD2AF8FC3700A00BB8 /* Preview Content */,
				617C54D52AF9081A00A00BB8 /* HomeView.swift */,
				618D4BBB2AF9CC1200E9AFAD /* HomeViewModel.swift */,
			);
			path = TheDeliveryPeople;
			sourceTree = "<group>";
		};
		617C54CD2AF8FC3700A00BB8 /* Preview Content */ = {
			isa = PBXGroup;
			children = (
				617C54CE2AF8FC3700A00BB8 /* Preview Assets.xcassets */,
			);
			path = "Preview Content";
			sourceTree = "<group>";
		};
		618D4BB32AF9BD3000E9AFAD /* Extension */ = {
			isa = PBXGroup;
			children = (
				618D4BB42AF9BD4100E9AFAD /* Color+Extensions.swift */,
				618D4BB62AF9C96C00E9AFAD /* View+Extensions.swift */,
				618D4BBE2AF9D0FA00E9AFAD /* Font+Extensions.swift */,
			);
			path = Extension;
			sourceTree = "<group>";
		};
		618D4BB82AF9CB3700E9AFAD /* Model */ = {
			isa = PBXGroup;
			children = (
				618D4BB92AF9CB4D00E9AFAD /* Menu.swift */,
				618D4BC02AF9DB7F00E9AFAD /* FoodMenu.swift */,
				618D4BC22AF9FBC100E9AFAD /* TabItem.swift */,
			);
			path = Model;
			sourceTree = "<group>";
		};
/* End PBXGroup section */

/* Begin PBXNativeTarget section */
		617C54C32AF8FC3600A00BB8 /* TheDeliveryPeople */ = {
			isa = PBXNativeTarget;
			buildConfigurationList = 617C54D22AF8FC3700A00BB8 /* Build configuration list for PBXNativeTarget "TheDeliveryPeople" */;
			buildPhases = (
				617C54C02AF8FC3600A00BB8 /* Sources */,
				617C54C12AF8FC3600A00BB8 /* Frameworks */,
				617C54C22AF8FC3600A00BB8 /* Resources */,
			);
			buildRules = (
			);
			dependencies = (
			);
			name = TheDeliveryPeople;
			productName = TheDeliveryPeople;
			productReference = 617C54C42AF8FC3600A00BB8 /* TheDeliveryPeople.app */;
			productType = "com.apple.product-type.application";
		};
/* End PBXNativeTarget section */

/* Begin PBXProject section */
		617C54BC2AF8FC3600A00BB8 /* Project object */ = {
			isa = PBXProject;
			attributes = {
				BuildIndependentTargetsInParallel = 1;
				LastSwiftUpdateCheck = 1420;
				LastUpgradeCheck = 1420;
				TargetAttributes = {
					617C54C32AF8FC3600A00BB8 = {
						CreatedOnToolsVersion = 14.2;
					};
				};
			};
			buildConfigurationList = 617C54BF2AF8FC3600A00BB8 /* Build configuration list for PBXProject "TheDeliveryPeople" */;
			compatibilityVersion = "Xcode 14.0";
			developmentRegion = en;
			hasScannedForEncodings = 0;
			knownRegions = (
				en,
				Base,
			);
			mainGroup = 617C54BB2AF8FC3600A00BB8;
			productRefGroup = 617C54C52AF8FC3600A00BB8 /* Products */;
			projectDirPath = "";
			projectRoot = "";
			targets = (
				617C54C32AF8FC3600A00BB8 /* TheDeliveryPeople */,
			);
		};
/* End PBXProject section */

/* Begin PBXResourcesBuildPhase section */
		617C54C22AF8FC3600A00BB8 /* Resources */ = {
			isa = PBXResourcesBuildPhase;
			buildActionMask = 2147483647;
			files = (
				618D4BB22AF9BD0400E9AFAD /* BMHANNAPro.ttf in Resources */,
				617C54CF2AF8FC3700A00BB8 /* Preview Assets.xcassets in Resources */,
				618D4BB12AF9BD0400E9AFAD /* BMHANNAAir_ttf.ttf in Resources */,
				617C54CC2AF8FC3700A00BB8 /* Assets.xcassets in Resources */,
			);
			runOnlyForDeploymentPostprocessing = 0;
		};
/* End PBXResourcesBuildPhase section */

/* Begin PBXSourcesBuildPhase section */
		617C54C02AF8FC3600A00BB8 /* Sources */ = {
			isa = PBXSourcesBuildPhase;
			buildActionMask = 2147483647;
			files = (
				618D4BC12AF9DB7F00E9AFAD /* FoodMenu.swift in Sources */,
				618D4BBA2AF9CB4D00E9AFAD /* Menu.swift in Sources */,
				617C54D62AF9081A00A00BB8 /* HomeView.swift in Sources */,
				618D4BBF2AF9D0FA00E9AFAD /* Font+Extensions.swift in Sources */,
				618D4BBC2AF9CC1200E9AFAD /* HomeViewModel.swift in Sources */,
				617C54CA2AF8FC3600A00BB8 /* ContentView.swift in Sources */,
				617C54C82AF8FC3600A00BB8 /* TheDeliveryPeopleApp.swift in Sources */,
				618D4BB72AF9C96C00E9AFAD /* View+Extensions.swift in Sources */,
				618D4BC32AF9FBC100E9AFAD /* TabItem.swift in Sources */,
				618D4BB52AF9BD4100E9AFAD /* Color+Extensions.swift in Sources */,
			);
			runOnlyForDeploymentPostprocessing = 0;
		};
/* End PBXSourcesBuildPhase section */

/* Begin XCBuildConfiguration section */
		617C54D02AF8FC3700A00BB8 /* Debug */ = {
			isa = XCBuildConfiguration;
			buildSettings = {
				ALWAYS_SEARCH_USER_PATHS = NO;
				CLANG_ANALYZER_NONNULL = YES;
				CLANG_ANALYZER_NUMBER_OBJECT_CONVERSION = YES_AGGRESSIVE;
				CLANG_CXX_LANGUAGE_STANDARD = "gnu++20";
				CLANG_ENABLE_MODULES = YES;
				CLANG_ENABLE_OBJC_ARC = YES;
				CLANG_ENABLE_OBJC_WEAK = YES;
				CLANG_WARN_BLOCK_CAPTURE_AUTORELEASING = YES;
				CLANG_WARN_BOOL_CONVERSION = YES;
				CLANG_WARN_COMMA = YES;
				CLANG_WARN_CONSTANT_CONVERSION = YES;
				CLANG_WARN_DEPRECATED_OBJC_IMPLEMENTATIONS = YES;
				CLANG_WARN_DIRECT_OBJC_ISA_USAGE = YES_ERROR;
				CLANG_WARN_DOCUMENTATION_COMMENTS = YES;
				CLANG_WARN_EMPTY_BODY = YES;
				CLANG_WARN_ENUM_CONVERSION = YES;
				CLANG_WARN_INFINITE_RECURSION = YES;
				CLANG_WARN_INT_CONVERSION = YES;
				CLANG_WARN_NON_LITERAL_NULL_CONVERSION = YES;
				CLANG_WARN_OBJC_IMPLICIT_RETAIN_SELF = YES;
				CLANG_WARN_OBJC_LITERAL_CONVERSION = YES;
				CLANG_WARN_OBJC_ROOT_CLASS = YES_ERROR;
				CLANG_WARN_QUOTED_INCLUDE_IN_FRAMEWORK_HEADER = YES;
				CLANG_WARN_RANGE_LOOP_ANALYSIS = YES;
				CLANG_WARN_STRICT_PROTOTYPES = YES;
				CLANG_WARN_SUSPICIOUS_MOVE = YES;
				CLANG_WARN_UNGUARDED_AVAILABILITY = YES_AGGRESSIVE;
				CLANG_WARN_UNREACHABLE_CODE = YES;
				CLANG_WARN__DUPLICATE_METHOD_MATCH = YES;
				COPY_PHASE_STRIP = NO;
				DEBUG_INFORMATION_FORMAT = dwarf;
				ENABLE_STRICT_OBJC_MSGSEND = YES;
				ENABLE_TESTABILITY = YES;
				GCC_C_LANGUAGE_STANDARD = gnu11;
				GCC_DYNAMIC_NO_PIC = NO;
				GCC_NO_COMMON_BLOCKS = YES;
				GCC_OPTIMIZATION_LEVEL = 0;
				GCC_PREPROCESSOR_DEFINITIONS = (
					"DEBUG=1",
					"$(inherited)",
				);
				GCC_WARN_64_TO_32_BIT_CONVERSION = YES;
				GCC_WARN_ABOUT_RETURN_TYPE = YES_ERROR;
				GCC_WARN_UNDECLARED_SELECTOR = YES;
				GCC_WARN_UNINITIALIZED_AUTOS = YES_AGGRESSIVE;
				GCC_WARN_UNUSED_FUNCTION = YES;
				GCC_WARN_UNUSED_VARIABLE = YES;
				IPHONEOS_DEPLOYMENT_TARGET = 16.2;
				MTL_ENABLE_DEBUG_INFO = INCLUDE_SOURCE;
				MTL_FAST_MATH = YES;
				ONLY_ACTIVE_ARCH = YES;
				SDKROOT = iphoneos;
				SWIFT_ACTIVE_COMPILATION_CONDITIONS = DEBUG;
				SWIFT_OPTIMIZATION_LEVEL = "-Onone";
			};
			name = Debug;
		};
		617C54D12AF8FC3700A00BB8 /* Release */ = {
			isa = XCBuildConfiguration;
			buildSettings = {
				ALWAYS_SEARCH_USER_PATHS = NO;
				CLANG_ANALYZER_NONNULL = YES;
				CLANG_ANALYZER_NUMBER_OBJECT_CONVERSION = YES_AGGRESSIVE;
				CLANG_CXX_LANGUAGE_STANDARD = "gnu++20";
				CLANG_ENABLE_MODULES = YES;
				CLANG_ENABLE_OBJC_ARC = YES;
				CLANG_ENABLE_OBJC_WEAK = YES;
				CLANG_WARN_BLOCK_CAPTURE_AUTORELEASING = YES;
				CLANG_WARN_BOOL_CONVERSION = YES;
				CLANG_WARN_COMMA = YES;
				CLANG_WARN_CONSTANT_CONVERSION = YES;
				CLANG_WARN_DEPRECATED_OBJC_IMPLEMENTATIONS = YES;
				CLANG_WARN_DIRECT_OBJC_ISA_USAGE = YES_ERROR;
				CLANG_WARN_DOCUMENTATION_COMMENTS = YES;
				CLANG_WARN_EMPTY_BODY = YES;
				CLANG_WARN_ENUM_CONVERSION = YES;
				CLANG_WARN_INFINITE_RECURSION = YES;
				CLANG_WARN_INT_CONVERSION = YES;
				CLANG_WARN_NON_LITERAL_NULL_CONVERSION = YES;
				CLANG_WARN_OBJC_IMPLICIT_RETAIN_SELF = YES;
				CLANG_WARN_OBJC_LITERAL_CONVERSION = YES;
				CLANG_WARN_OBJC_ROOT_CLASS = YES_ERROR;
				CLANG_WARN_QUOTED_INCLUDE_IN_FRAMEWORK_HEADER = YES;
				CLANG_WARN_RANGE_LOOP_ANALYSIS = YES;
				CLANG_WARN_STRICT_PROTOTYPES = YES;
				CLANG_WARN_SUSPICIOUS_MOVE = YES;
				CLANG_WARN_UNGUARDED_AVAILABILITY = YES_AGGRESSIVE;
				CLANG_WARN_UNREACHABLE_CODE = YES;
				CLANG_WARN__DUPLICATE_METHOD_MATCH = YES;
				COPY_PHASE_STRIP = NO;
				DEBUG_INFORMATION_FORMAT = "dwarf-with-dsym";
				ENABLE_NS_ASSERTIONS = NO;
				ENABLE_STRICT_OBJC_MSGSEND = YES;
				GCC_C_LANGUAGE_STANDARD = gnu11;
				GCC_NO_COMMON_BLOCKS = YES;
				GCC_WARN_64_TO_32_BIT_CONVERSION = YES;
				GCC_WARN_ABOUT_RETURN_TYPE = YES_ERROR;
				GCC_WARN_UNDECLARED_SELECTOR = YES;
				GCC_WARN_UNINITIALIZED_AUTOS = YES_AGGRESSIVE;
				GCC_WARN_UNUSED_FUNCTION = YES;
				GCC_WARN_UNUSED_VARIABLE = YES;
				IPHONEOS_DEPLOYMENT_TARGET = 16.2;
				MTL_ENABLE_DEBUG_INFO = NO;
				MTL_FAST_MATH = YES;
				SDKROOT = iphoneos;
				SWIFT_COMPILATION_MODE = wholemodule;
				SWIFT_OPTIMIZATION_LEVEL = "-O";
				VALIDATE_PRODUCT = YES;
			};
			name = Release;
		};
		617C54D32AF8FC3700A00BB8 /* Debug */ = {
			isa = XCBuildConfiguration;
			buildSettings = {
				ASSETCATALOG_COMPILER_APPICON_NAME = AppIcon;
				ASSETCATALOG_COMPILER_GLOBAL_ACCENT_COLOR_NAME = AccentColor;
				CODE_SIGN_STYLE = Automatic;
				CURRENT_PROJECT_VERSION = 1;
				DEVELOPMENT_ASSET_PATHS = "\"TheDeliveryPeople/Preview Content\"";
				DEVELOPMENT_TEAM = T2Q8P9627P;
				ENABLE_PREVIEWS = YES;
				GENERATE_INFOPLIST_FILE = YES;
				INFOPLIST_FILE = TheDeliveryPeople/Info.plist;
				INFOPLIST_KEY_UIApplicationSceneManifest_Generation = YES;
				INFOPLIST_KEY_UIApplicationSupportsIndirectInputEvents = YES;
				INFOPLIST_KEY_UILaunchScreen_Generation = YES;
				INFOPLIST_KEY_UISupportedInterfaceOrientations_iPad = "UIInterfaceOrientationPortrait UIInterfaceOrientationPortraitUpsideDown UIInterfaceOrientationLandscapeLeft UIInterfaceOrientationLandscapeRight";
				INFOPLIST_KEY_UISupportedInterfaceOrientations_iPhone = "UIInterfaceOrientationPortrait UIInterfaceOrientationLandscapeLeft UIInterfaceOrientationLandscapeRight";
				LD_RUNPATH_SEARCH_PATHS = (
					"$(inherited)",
					"@executable_path/Frameworks",
				);
				MARKETING_VERSION = 1.0;
				PRODUCT_BUNDLE_IDENTIFIER = com.dev.TheDeliveryPeople;
				PRODUCT_NAME = "$(TARGET_NAME)";
				SWIFT_EMIT_LOC_STRINGS = YES;
				SWIFT_VERSION = 5.0;
				TARGETED_DEVICE_FAMILY = "1,2";
			};
			name = Debug;
		};
		617C54D42AF8FC3700A00BB8 /* Release */ = {
			isa = XCBuildConfiguration;
			buildSettings = {
				ASSETCATALOG_COMPILER_APPICON_NAME = AppIcon;
				ASSETCATALOG_COMPILER_GLOBAL_ACCENT_COLOR_NAME = AccentColor;
				CODE_SIGN_STYLE = Automatic;
				CURRENT_PROJECT_VERSION = 1;
				DEVELOPMENT_ASSET_PATHS = "\"TheDeliveryPeople/Preview Content\"";
				DEVELOPMENT_TEAM = T2Q8P9627P;
				ENABLE_PREVIEWS = YES;
				GENERATE_INFOPLIST_FILE = YES;
				INFOPLIST_FILE = TheDeliveryPeople/Info.plist;
				INFOPLIST_KEY_UIApplicationSceneManifest_Generation = YES;
				INFOPLIST_KEY_UIApplicationSupportsIndirectInputEvents = YES;
				INFOPLIST_KEY_UILaunchScreen_Generation = YES;
				INFOPLIST_KEY_UISupportedInterfaceOrientations_iPad = "UIInterfaceOrientationPortrait UIInterfaceOrientationPortraitUpsideDown UIInterfaceOrientationLandscapeLeft UIInterfaceOrientationLandscapeRight";
				INFOPLIST_KEY_UISupportedInterfaceOrientations_iPhone = "UIInterfaceOrientationPortrait UIInterfaceOrientationLandscapeLeft UIInterfaceOrientationLandscapeRight";
				LD_RUNPATH_SEARCH_PATHS = (
					"$(inherited)",
					"@executable_path/Frameworks",
				);
				MARKETING_VERSION = 1.0;
				PRODUCT_BUNDLE_IDENTIFIER = com.dev.TheDeliveryPeople;
				PRODUCT_NAME = "$(TARGET_NAME)";
				SWIFT_EMIT_LOC_STRINGS = YES;
				SWIFT_VERSION = 5.0;
				TARGETED_DEVICE_FAMILY = "1,2";
			};
			name = Release;
		};
/* End XCBuildConfiguration section */

/* Begin XCConfigurationList section */
		617C54BF2AF8FC3600A00BB8 /* Build configuration list for PBXProject "TheDeliveryPeople" */ = {
			isa = XCConfigurationList;
			buildConfigurations = (
				617C54D02AF8FC3700A00BB8 /* Debug */,
				617C54D12AF8FC3700A00BB8 /* Release */,
			);
			defaultConfigurationIsVisible = 0;
			defaultConfigurationName = Release;
		};
		617C54D22AF8FC3700A00BB8 /* Build configuration list for PBXNativeTarget "TheDeliveryPeople" */ = {
			isa = XCConfigurationList;
			buildConfigurations = (
				617C54D32AF8FC3700A00BB8 /* Debug */,
				617C54D42AF8FC3700A00BB8 /* Release */,
			);
			defaultConfigurationIsVisible = 0;
			defaultConfigurationName = Release;
		};
/* End XCConfigurationList section */
	};
	rootObject = 617C54BC2AF8FC3600A00BB8 /* Project object */;
}
